
Microsoft Visual Studio Solution File, Format Version 12.00
# Visual Studio 15
VisualStudioVersion = 15.0.26124.0
MinimumVisualStudioVersion = 15.0.26124.0
Project("{FAE04EC0-301F-11D3-BF4B-00C04F79EFBC}") = "API", "API\API.csproj", "{BC8248A1-A38D-47A6-88C7-C8A4B543238E}"
EndProject
Project("{FAE04EC0-301F-11D3-BF4B-00C04F79EFBC}") = "Business", "Business\Business.csproj", "{EE6563DF-BA61-484F-9A96-11C64C8D2C4F}"
EndProject
Project("{FAE04EC0-301F-11D3-BF4B-00C04F79EFBC}") = "Data", "Data\Data.csproj", "{F72AFF20-DEE6-4518-9316-B708F7A5E30A}"
EndProject
Global
	GlobalSection(SolutionConfigurationPlatforms) = preSolution
		Debug|Any CPU = Debug|Any CPU
		Debug|x64 = Debug|x64
		Debug|x86 = Debug|x86
		Release|Any CPU = Release|Any CPU
		Release|x64 = Release|x64
		Release|x86 = Release|x86
	EndGlobalSection
	GlobalSection(SolutionProperties) = preSolution
		HideSolutionNode = FALSE
	EndGlobalSection
	GlobalSection(ProjectConfigurationPlatforms) = postSolution
		{6059559A-E6CF-426B-9740-5C2C3AC5079D}.Debug|Any CPU.ActiveCfg = Debug|Any CPU
		{6059559A-E6CF-426B-9740-5C2C3AC5079D}.Debug|Any CPU.Build.0 = Debug|Any CPU
		{6059559A-E6CF-426B-9740-5C2C3AC5079D}.Debug|x64.ActiveCfg = Debug|Any CPU
		{6059559A-E6CF-426B-9740-5C2C3AC5079D}.Debug|x64.Build.0 = Debug|Any CPU
		{6059559A-E6CF-426B-9740-5C2C3AC5079D}.Debug|x86.ActiveCfg = Debug|Any CPU
		{6059559A-E6CF-426B-9740-5C2C3AC5079D}.Debug|x86.Build.0 = Debug|Any CPU
		{6059559A-E6CF-426B-9740-5C2C3AC5079D}.Release|Any CPU.ActiveCfg = Release|Any CPU
		{6059559A-E6CF-426B-9740-5C2C3AC5079D}.Release|Any CPU.Build.0 = Release|Any CPU
		{6059559A-E6CF-426B-9740-5C2C3AC5079D}.Release|x64.ActiveCfg = Release|Any CPU
		{6059559A-E6CF-426B-9740-5C2C3AC5079D}.Release|x64.Build.0 = Release|Any CPU
		{6059559A-E6CF-426B-9740-5C2C3AC5079D}.Release|x86.ActiveCfg = Release|Any CPU
		{6059559A-E6CF-426B-9740-5C2C3AC5079D}.Release|x86.Build.0 = Release|Any CPU
		{AFB25A72-6DBB-4435-A8C7-D7A1635DE014}.Debug|Any CPU.ActiveCfg = Debug|Any CPU
		{AFB25A72-6DBB-4435-A8C7-D7A1635DE014}.Debug|Any CPU.Build.0 = Debug|Any CPU
		{AFB25A72-6DBB-4435-A8C7-D7A1635DE014}.Debug|x64.ActiveCfg = Debug|Any CPU
		{AFB25A72-6DBB-4435-A8C7-D7A1635DE014}.Debug|x64.Build.0 = Debug|Any CPU
		{AFB25A72-6DBB-4435-A8C7-D7A1635DE014}.Debug|x86.ActiveCfg = Debug|Any CPU
		{AFB25A72-6DBB-4435-A8C7-D7A1635DE014}.Debug|x86.Build.0 = Debug|Any CPU
		{AFB25A72-6DBB-4435-A8C7-D7A1635DE014}.Release|Any CPU.ActiveCfg = Release|Any CPU
		{AFB25A72-6DBB-4435-A8C7-D7A1635DE014}.Release|Any CPU.Build.0 = Release|Any CPU
		{AFB25A72-6DBB-4435-A8C7-D7A1635DE014}.Release|x64.ActiveCfg = Release|Any CPU
		{AFB25A72-6DBB-4435-A8C7-D7A1635DE014}.Release|x64.Build.0 = Release|Any CPU
		{AFB25A72-6DBB-4435-A8C7-D7A1635DE014}.Release|x86.ActiveCfg = Release|Any CPU
		{AFB25A72-6DBB-4435-A8C7-D7A1635DE014}.Release|x86.Build.0 = Release|Any CPU
		{4470184F-1F19-470D-955D-50D007C52811}.Debug|Any CPU.ActiveCfg = Debug|Any CPU
		{4470184F-1F19-470D-955D-50D007C52811}.Debug|Any CPU.Build.0 = Debug|Any CPU
		{4470184F-1F19-470D-955D-50D007C52811}.Debug|x64.ActiveCfg = Debug|Any CPU
		{4470184F-1F19-470D-955D-50D007C52811}.Debug|x64.Build.0 = Debug|Any CPU
		{4470184F-1F19-470D-955D-50D007C52811}.Debug|x86.ActiveCfg = Debug|Any CPU
		{4470184F-1F19-470D-955D-50D007C52811}.Debug|x86.Build.0 = Debug|Any CPU
		{4470184F-1F19-470D-955D-50D007C52811}.Release|Any CPU.ActiveCfg = Release|Any CPU
		{4470184F-1F19-470D-955D-50D007C52811}.Release|Any CPU.Build.0 = Release|Any CPU
		{4470184F-1F19-470D-955D-50D007C52811}.Release|x64.ActiveCfg = Release|Any CPU
		{4470184F-1F19-470D-955D-50D007C52811}.Release|x64.Build.0 = Release|Any CPU
		{4470184F-1F19-470D-955D-50D007C52811}.Release|x86.ActiveCfg = Release|Any CPU
		{4470184F-1F19-470D-955D-50D007C52811}.Release|x86.Build.0 = Release|Any CPU
		{BC8248A1-A38D-47A6-88C7-C8A4B543238E}.Debug|Any CPU.ActiveCfg = Debug|Any CPU
		{BC8248A1-A38D-47A6-88C7-C8A4B543238E}.Debug|Any CPU.Build.0 = Debug|Any CPU
		{BC8248A1-A38D-47A6-88C7-C8A4B543238E}.Debug|x64.ActiveCfg = Debug|Any CPU
		{BC8248A1-A38D-47A6-88C7-C8A4B543238E}.Debug|x64.Build.0 = Debug|Any CPU
		{BC8248A1-A38D-47A6-88C7-C8A4B543238E}.Debug|x86.ActiveCfg = Debug|Any CPU
		{BC8248A1-A38D-47A6-88C7-C8A4B543238E}.Debug|x86.Build.0 = Debug|Any CPU
		{BC8248A1-A38D-47A6-88C7-C8A4B543238E}.Release|Any CPU.ActiveCfg = Release|Any CPU
		{BC8248A1-A38D-47A6-88C7-C8A4B543238E}.Release|Any CPU.Build.0 = Release|Any CPU
		{BC8248A1-A38D-47A6-88C7-C8A4B543238E}.Release|x64.ActiveCfg = Release|Any CPU
		{BC8248A1-A38D-47A6-88C7-C8A4B543238E}.Release|x64.Build.0 = Release|Any CPU
		{BC8248A1-A38D-47A6-88C7-C8A4B543238E}.Release|x86.ActiveCfg = Release|Any CPU
		{BC8248A1-A38D-47A6-88C7-C8A4B543238E}.Release|x86.Build.0 = Release|Any CPU
		{61123D51-DDB4-412D-A6F0-CEFDFDDD904C}.Debug|Any CPU.ActiveCfg = Debug|Any CPU
		{61123D51-DDB4-412D-A6F0-CEFDFDDD904C}.Debug|Any CPU.Build.0 = Debug|Any CPU
		{61123D51-DDB4-412D-A6F0-CEFDFDDD904C}.Debug|x64.ActiveCfg = Debug|Any CPU
		{61123D51-DDB4-412D-A6F0-CEFDFDDD904C}.Debug|x64.Build.0 = Debug|Any CPU
		{61123D51-DDB4-412D-A6F0-CEFDFDDD904C}.Debug|x86.ActiveCfg = Debug|Any CPU
		{61123D51-DDB4-412D-A6F0-CEFDFDDD904C}.Debug|x86.Build.0 = Debug|Any CPU
		{61123D51-DDB4-412D-A6F0-CEFDFDDD904C}.Release|Any CPU.ActiveCfg = Release|Any CPU
		{61123D51-DDB4-412D-A6F0-CEFDFDDD904C}.Release|Any CPU.Build.0 = Release|Any CPU
		{61123D51-DDB4-412D-A6F0-CEFDFDDD904C}.Release|x64.ActiveCfg = Release|Any CPU
		{61123D51-DDB4-412D-A6F0-CEFDFDDD904C}.Release|x64.Build.0 = Release|Any CPU
		{61123D51-DDB4-412D-A6F0-CEFDFDDD904C}.Release|x86.ActiveCfg = Release|Any CPU
		{61123D51-DDB4-412D-A6F0-CEFDFDDD904C}.Release|x86.Build.0 = Release|Any CPU
		{4E424159-36F5-463B-B7EF-B8EA536588B1}.Debug|Any CPU.ActiveCfg = Debug|Any CPU
		{4E424159-36F5-463B-B7EF-B8EA536588B1}.Debug|Any CPU.Build.0 = Debug|Any CPU
		{4E424159-36F5-463B-B7EF-B8EA536588B1}.Debug|x64.ActiveCfg = Debug|Any CPU
		{4E424159-36F5-463B-B7EF-B8EA536588B1}.Debug|x64.Build.0 = Debug|Any CPU
		{4E424159-36F5-463B-B7EF-B8EA536588B1}.Debug|x86.ActiveCfg = Debug|Any CPU
		{4E424159-36F5-463B-B7EF-B8EA536588B1}.Debug|x86.Build.0 = Debug|Any CPU
		{4E424159-36F5-463B-B7EF-B8EA536588B1}.Release|Any CPU.ActiveCfg = Release|Any CPU
		{4E424159-36F5-463B-B7EF-B8EA536588B1}.Release|Any CPU.Build.0 = Release|Any CPU
		{4E424159-36F5-463B-B7EF-B8EA536588B1}.Release|x64.ActiveCfg = Release|Any CPU
		{4E424159-36F5-463B-B7EF-B8EA536588B1}.Release|x64.Build.0 = Release|Any CPU
		{4E424159-36F5-463B-B7EF-B8EA536588B1}.Release|x86.ActiveCfg = Release|Any CPU
		{4E424159-36F5-463B-B7EF-B8EA536588B1}.Release|x86.Build.0 = Release|Any CPU
		{5B9A38B3-933D-4340-AED2-9C0A34B0D87E}.Debug|Any CPU.ActiveCfg = Debug|Any CPU
		{5B9A38B3-933D-4340-AED2-9C0A34B0D87E}.Debug|Any CPU.Build.0 = Debug|Any CPU
		{5B9A38B3-933D-4340-AED2-9C0A34B0D87E}.Debug|x64.ActiveCfg = Debug|Any CPU
		{5B9A38B3-933D-4340-AED2-9C0A34B0D87E}.Debug|x64.Build.0 = Debug|Any CPU
		{5B9A38B3-933D-4340-AED2-9C0A34B0D87E}.Debug|x86.ActiveCfg = Debug|Any CPU
		{5B9A38B3-933D-4340-AED2-9C0A34B0D87E}.Debug|x86.Build.0 = Debug|Any CPU
		{5B9A38B3-933D-4340-AED2-9C0A34B0D87E}.Release|Any CPU.ActiveCfg = Release|Any CPU
		{5B9A38B3-933D-4340-AED2-9C0A34B0D87E}.Release|Any CPU.Build.0 = Release|Any CPU
		{5B9A38B3-933D-4340-AED2-9C0A34B0D87E}.Release|x64.ActiveCfg = Release|Any CPU
		{5B9A38B3-933D-4340-AED2-9C0A34B0D87E}.Release|x64.Build.0 = Release|Any CPU
		{5B9A38B3-933D-4340-AED2-9C0A34B0D87E}.Release|x86.ActiveCfg = Release|Any CPU
		{5B9A38B3-933D-4340-AED2-9C0A34B0D87E}.Release|x86.Build.0 = Release|Any CPU
		{EE6563DF-BA61-484F-9A96-11C64C8D2C4F}.Debug|Any CPU.ActiveCfg = Debug|Any CPU
		{EE6563DF-BA61-484F-9A96-11C64C8D2C4F}.Debug|Any CPU.Build.0 = Debug|Any CPU
		{EE6563DF-BA61-484F-9A96-11C64C8D2C4F}.Debug|x64.ActiveCfg = Debug|Any CPU
		{EE6563DF-BA61-484F-9A96-11C64C8D2C4F}.Debug|x64.Build.0 = Debug|Any CPU
		{EE6563DF-BA61-484F-9A96-11C64C8D2C4F}.Debug|x86.ActiveCfg = Debug|Any CPU
		{EE6563DF-BA61-484F-9A96-11C64C8D2C4F}.Debug|x86.Build.0 = Debug|Any CPU
		{EE6563DF-BA61-484F-9A96-11C64C8D2C4F}.Release|Any CPU.ActiveCfg = Release|Any CPU
		{EE6563DF-BA61-484F-9A96-11C64C8D2C4F}.Release|Any CPU.Build.0 = Release|Any CPU
		{EE6563DF-BA61-484F-9A96-11C64C8D2C4F}.Release|x64.ActiveCfg = Release|Any CPU
		{EE6563DF-BA61-484F-9A96-11C64C8D2C4F}.Release|x64.Build.0 = Release|Any CPU
		{EE6563DF-BA61-484F-9A96-11C64C8D2C4F}.Release|x86.ActiveCfg = Release|Any CPU
		{EE6563DF-BA61-484F-9A96-11C64C8D2C4F}.Release|x86.Build.0 = Release|Any CPU
		{F72AFF20-DEE6-4518-9316-B708F7A5E30A}.Debug|Any CPU.ActiveCfg = Debug|Any CPU
		{F72AFF20-DEE6-4518-9316-B708F7A5E30A}.Debug|Any CPU.Build.0 = Debug|Any CPU
		{F72AFF20-DEE6-4518-9316-B708F7A5E30A}.Debug|x64.ActiveCfg = Debug|Any CPU
		{F72AFF20-DEE6-4518-9316-B708F7A5E30A}.Debug|x64.Build.0 = Debug|Any CPU
		{F72AFF20-DEE6-4518-9316-B708F7A5E30A}.Debug|x86.ActiveCfg = Debug|Any CPU
		{F72AFF20-DEE6-4518-9316-B708F7A5E30A}.Debug|x86.Build.0 = Debug|Any CPU
		{F72AFF20-DEE6-4518-9316-B708F7A5E30A}.Release|Any CPU.ActiveCfg = Release|Any CPU
		{F72AFF20-DEE6-4518-9316-B708F7A5E30A}.Release|Any CPU.Build.0 = Release|Any CPU
		{F72AFF20-DEE6-4518-9316-B708F7A5E30A}.Release|x64.ActiveCfg = Release|Any CPU
		{F72AFF20-DEE6-4518-9316-B708F7A5E30A}.Release|x64.Build.0 = Release|Any CPU
		{F72AFF20-DEE6-4518-9316-B708F7A5E30A}.Release|x86.ActiveCfg = Release|Any CPU
		{F72AFF20-DEE6-4518-9316-B708F7A5E30A}.Release|x86.Build.0 = Release|Any CPU
	EndGlobalSection
EndGlobal
